
Microsoft Visual Studio Solution File, Format Version 12.00
# Visual Studio Version 17
VisualStudioVersion = 17.6.33801.468
MinimumVisualStudioVersion = 10.0.40219.1
Project("{FAE04EC0-301F-11D3-BF4B-00C04F79EFBC}") = "Bai1", "Bai1\Bai1.csproj", "{994FB703-184F-42E3-878F-A78B4479DE8E}"
EndProject
Project("{FAE04EC0-301F-11D3-BF4B-00C04F79EFBC}") = "Bai2", "Bai2\Bai2.csproj", "{23489597-B973-4339-BDB9-9F055F178379}"
EndProject
Global
	GlobalSection(SolutionConfigurationPlatforms) = preSolution
		Debug|Any CPU = Debug|Any CPU
		Release|Any CPU = Release|Any CPU
	EndGlobalSection
	GlobalSection(ProjectConfigurationPlatforms) = postSolution
		{994FB703-184F-42E3-878F-A78B4479DE8E}.Debug|Any CPU.ActiveCfg = Debug|Any CPU
		{994FB703-184F-42E3-878F-A78B4479DE8E}.Debug|Any CPU.Build.0 = Debug|Any CPU
		{994FB703-184F-42E3-878F-A78B4479DE8E}.Release|Any CPU.ActiveCfg = Release|Any CPU
		{994FB703-184F-42E3-878F-A78B4479DE8E}.Release|Any CPU.Build.0 = Release|Any CPU
		{23489597-B973-4339-BDB9-9F055F178379}.Debug|Any CPU.ActiveCfg = Debug|Any CPU
		{23489597-B973-4339-BDB9-9F055F178379}.Debug|Any CPU.Build.0 = Debug|Any CPU
		{23489597-B973-4339-BDB9-9F055F178379}.Release|Any CPU.ActiveCfg = Release|Any CPU
		{23489597-B973-4339-BDB9-9F055F178379}.Release|Any CPU.Build.0 = Release|Any CPU
	EndGlobalSection
	GlobalSection(SolutionProperties) = preSolution
		HideSolutionNode = FALSE
	EndGlobalSection
	GlobalSection(ExtensibilityGlobals) = postSolution
		SolutionGuid = {40446E23-BD84-481D-99F4-4B0E1789F274}
	EndGlobalSection
EndGlobal
